
Microsoft Visual Studio Solution File, Format Version 12.00
# Visual Studio Version 17
VisualStudioVersion = 17.14.36221.1
MinimumVisualStudioVersion = 10.0.40219.1
Project("{2150E333-8FDC-42A3-9474-1A3956D46DE8}") = "MicroServices", "MicroServices", "{02EA681E-C7D8-13C7-8484-4AC65E1B71E8}"
EndProject
Project("{2150E333-8FDC-42A3-9474-1A3956D46DE8}") = "CheckingAccountMS", "CheckingAccountMS", "{5FBF3F33-AC2F-47EE-BC8D-63F39E664CAF}"
EndProject
Project("{FAE04EC0-301F-11D3-BF4B-00C04F79EFBC}") = "BuildingBlocks", "BuildingBlocks\BuildingBlocks.csproj", "{DCE17476-5BEF-4A6D-8653-F39DA075A09C}"
EndProject
Project("{FAE04EC0-301F-11D3-BF4B-00C04F79EFBC}") = "Application", "MicroServices\CheckingAccountMS\Application\Application.csproj", "{7E468234-B5AA-3C5B-5138-97FCDDD8EC58}"
EndProject
Project("{FAE04EC0-301F-11D3-BF4B-00C04F79EFBC}") = "CheckingAccount.API", "MicroServices\CheckingAccountMS\CheckingAccount.API\CheckingAccount.API.csproj", "{E29A45E4-4EBF-C35C-0D1D-8744254A62F0}"
EndProject
Project("{FAE04EC0-301F-11D3-BF4B-00C04F79EFBC}") = "Domain", "MicroServices\CheckingAccountMS\Domain\Domain.csproj", "{4BE83ADA-52A5-2065-006A-ED2A1FEED7B0}"
EndProject
Project("{FAE04EC0-301F-11D3-BF4B-00C04F79EFBC}") = "Infrastructure", "MicroServices\CheckingAccountMS\Infrastructure\Infrastructure.csproj", "{AFDD32C1-7C2F-3C27-8344-EECD94F3AC03}"
EndProject
Project("{2150E333-8FDC-42A3-9474-1A3956D46DE8}") = "TransferMS", "TransferMS", "{5FD78989-F97A-4252-9CC6-7A39C5AE97B6}"
EndProject
Project("{FAE04EC0-301F-11D3-BF4B-00C04F79EFBC}") = "Domain", "MicroServices\TransferMS\Domain\Domain.csproj", "{91CA37CE-EFA7-DCF3-839D-AE32A1F95538}"
EndProject
Project("{FAE04EC0-301F-11D3-BF4B-00C04F79EFBC}") = "Infrastructure", "MicroServices\TransferMS\Infrastructure\Infrastructure.csproj", "{2CAF9B89-DD2B-F67A-1B56-5735D67A4CE9}"
EndProject
Project("{FAE04EC0-301F-11D3-BF4B-00C04F79EFBC}") = "Transfer.API", "MicroServices\TransferMS\Transfer.API\Transfer.API.csproj", "{C9B3D5AC-2FB0-3E0E-BB03-6960750BF5EA}"
EndProject
Project("{FAE04EC0-301F-11D3-BF4B-00C04F79EFBC}") = "Tests", "MicroServices\CheckingAccountMS\Tests\Tests.csproj", "{945C7FF6-FF64-4C2D-A5FA-C946A7FAAD89}"
EndProject
Project("{FAE04EC0-301F-11D3-BF4B-00C04F79EFBC}") = "Application", "MicroServices\TransferMS\Application\Application.csproj", "{FA72CB12-AFC9-9E5D-4223-5B8E163702E8}"
EndProject
Project("{FAE04EC0-301F-11D3-BF4B-00C04F79EFBC}") = "Tests", "MicroServices\TransferMS\Tests\Tests.csproj", "{5D7FB1A0-B13C-2904-7D30-904D42B51B7D}"
EndProject
Global
	GlobalSection(SolutionConfigurationPlatforms) = preSolution
		Debug|Any CPU = Debug|Any CPU
		Release|Any CPU = Release|Any CPU
	EndGlobalSection
	GlobalSection(ProjectConfigurationPlatforms) = postSolution
		{DCE17476-5BEF-4A6D-8653-F39DA075A09C}.Debug|Any CPU.ActiveCfg = Debug|Any CPU
		{DCE17476-5BEF-4A6D-8653-F39DA075A09C}.Debug|Any CPU.Build.0 = Debug|Any CPU
		{DCE17476-5BEF-4A6D-8653-F39DA075A09C}.Release|Any CPU.ActiveCfg = Release|Any CPU
		{DCE17476-5BEF-4A6D-8653-F39DA075A09C}.Release|Any CPU.Build.0 = Release|Any CPU
		{7E468234-B5AA-3C5B-5138-97FCDDD8EC58}.Debug|Any CPU.ActiveCfg = Debug|Any CPU
		{7E468234-B5AA-3C5B-5138-97FCDDD8EC58}.Debug|Any CPU.Build.0 = Debug|Any CPU
		{7E468234-B5AA-3C5B-5138-97FCDDD8EC58}.Release|Any CPU.ActiveCfg = Release|Any CPU
		{7E468234-B5AA-3C5B-5138-97FCDDD8EC58}.Release|Any CPU.Build.0 = Release|Any CPU
		{E29A45E4-4EBF-C35C-0D1D-8744254A62F0}.Debug|Any CPU.ActiveCfg = Debug|Any CPU
		{E29A45E4-4EBF-C35C-0D1D-8744254A62F0}.Debug|Any CPU.Build.0 = Debug|Any CPU
		{E29A45E4-4EBF-C35C-0D1D-8744254A62F0}.Release|Any CPU.ActiveCfg = Release|Any CPU
		{E29A45E4-4EBF-C35C-0D1D-8744254A62F0}.Release|Any CPU.Build.0 = Release|Any CPU
		{4BE83ADA-52A5-2065-006A-ED2A1FEED7B0}.Debug|Any CPU.ActiveCfg = Debug|Any CPU
		{4BE83ADA-52A5-2065-006A-ED2A1FEED7B0}.Debug|Any CPU.Build.0 = Debug|Any CPU
		{4BE83ADA-52A5-2065-006A-ED2A1FEED7B0}.Release|Any CPU.ActiveCfg = Release|Any CPU
		{4BE83ADA-52A5-2065-006A-ED2A1FEED7B0}.Release|Any CPU.Build.0 = Release|Any CPU
		{AFDD32C1-7C2F-3C27-8344-EECD94F3AC03}.Debug|Any CPU.ActiveCfg = Debug|Any CPU
		{AFDD32C1-7C2F-3C27-8344-EECD94F3AC03}.Debug|Any CPU.Build.0 = Debug|Any CPU
		{AFDD32C1-7C2F-3C27-8344-EECD94F3AC03}.Release|Any CPU.ActiveCfg = Release|Any CPU
		{AFDD32C1-7C2F-3C27-8344-EECD94F3AC03}.Release|Any CPU.Build.0 = Release|Any CPU
		{91CA37CE-EFA7-DCF3-839D-AE32A1F95538}.Debug|Any CPU.ActiveCfg = Debug|Any CPU
		{91CA37CE-EFA7-DCF3-839D-AE32A1F95538}.Debug|Any CPU.Build.0 = Debug|Any CPU
		{91CA37CE-EFA7-DCF3-839D-AE32A1F95538}.Release|Any CPU.ActiveCfg = Release|Any CPU
		{91CA37CE-EFA7-DCF3-839D-AE32A1F95538}.Release|Any CPU.Build.0 = Release|Any CPU
		{2CAF9B89-DD2B-F67A-1B56-5735D67A4CE9}.Debug|Any CPU.ActiveCfg = Debug|Any CPU
		{2CAF9B89-DD2B-F67A-1B56-5735D67A4CE9}.Debug|Any CPU.Build.0 = Debug|Any CPU
		{2CAF9B89-DD2B-F67A-1B56-5735D67A4CE9}.Release|Any CPU.ActiveCfg = Release|Any CPU
		{2CAF9B89-DD2B-F67A-1B56-5735D67A4CE9}.Release|Any CPU.Build.0 = Release|Any CPU
		{C9B3D5AC-2FB0-3E0E-BB03-6960750BF5EA}.Debug|Any CPU.ActiveCfg = Debug|Any CPU
		{C9B3D5AC-2FB0-3E0E-BB03-6960750BF5EA}.Debug|Any CPU.Build.0 = Debug|Any CPU
		{C9B3D5AC-2FB0-3E0E-BB03-6960750BF5EA}.Release|Any CPU.ActiveCfg = Release|Any CPU
		{C9B3D5AC-2FB0-3E0E-BB03-6960750BF5EA}.Release|Any CPU.Build.0 = Release|Any CPU
		{945C7FF6-FF64-4C2D-A5FA-C946A7FAAD89}.Debug|Any CPU.ActiveCfg = Debug|Any CPU
		{945C7FF6-FF64-4C2D-A5FA-C946A7FAAD89}.Debug|Any CPU.Build.0 = Debug|Any CPU
		{945C7FF6-FF64-4C2D-A5FA-C946A7FAAD89}.Release|Any CPU.ActiveCfg = Release|Any CPU
		{945C7FF6-FF64-4C2D-A5FA-C946A7FAAD89}.Release|Any CPU.Build.0 = Release|Any CPU
		{FA72CB12-AFC9-9E5D-4223-5B8E163702E8}.Debug|Any CPU.ActiveCfg = Debug|Any CPU
		{FA72CB12-AFC9-9E5D-4223-5B8E163702E8}.Debug|Any CPU.Build.0 = Debug|Any CPU
		{FA72CB12-AFC9-9E5D-4223-5B8E163702E8}.Release|Any CPU.ActiveCfg = Release|Any CPU
		{FA72CB12-AFC9-9E5D-4223-5B8E163702E8}.Release|Any CPU.Build.0 = Release|Any CPU
		{5D7FB1A0-B13C-2904-7D30-904D42B51B7D}.Debug|Any CPU.ActiveCfg = Debug|Any CPU
		{5D7FB1A0-B13C-2904-7D30-904D42B51B7D}.Debug|Any CPU.Build.0 = Debug|Any CPU
		{5D7FB1A0-B13C-2904-7D30-904D42B51B7D}.Release|Any CPU.ActiveCfg = Release|Any CPU
		{5D7FB1A0-B13C-2904-7D30-904D42B51B7D}.Release|Any CPU.Build.0 = Release|Any CPU
	EndGlobalSection
	GlobalSection(SolutionProperties) = preSolution
		HideSolutionNode = FALSE
	EndGlobalSection
	GlobalSection(NestedProjects) = preSolution
		{5FBF3F33-AC2F-47EE-BC8D-63F39E664CAF} = {02EA681E-C7D8-13C7-8484-4AC65E1B71E8}
		{7E468234-B5AA-3C5B-5138-97FCDDD8EC58} = {5FBF3F33-AC2F-47EE-BC8D-63F39E664CAF}
		{E29A45E4-4EBF-C35C-0D1D-8744254A62F0} = {5FBF3F33-AC2F-47EE-BC8D-63F39E664CAF}
		{4BE83ADA-52A5-2065-006A-ED2A1FEED7B0} = {5FBF3F33-AC2F-47EE-BC8D-63F39E664CAF}
		{AFDD32C1-7C2F-3C27-8344-EECD94F3AC03} = {5FBF3F33-AC2F-47EE-BC8D-63F39E664CAF}
		{5FD78989-F97A-4252-9CC6-7A39C5AE97B6} = {02EA681E-C7D8-13C7-8484-4AC65E1B71E8}
		{91CA37CE-EFA7-DCF3-839D-AE32A1F95538} = {5FD78989-F97A-4252-9CC6-7A39C5AE97B6}
		{2CAF9B89-DD2B-F67A-1B56-5735D67A4CE9} = {5FD78989-F97A-4252-9CC6-7A39C5AE97B6}
		{C9B3D5AC-2FB0-3E0E-BB03-6960750BF5EA} = {5FD78989-F97A-4252-9CC6-7A39C5AE97B6}
		{945C7FF6-FF64-4C2D-A5FA-C946A7FAAD89} = {5FBF3F33-AC2F-47EE-BC8D-63F39E664CAF}
		{FA72CB12-AFC9-9E5D-4223-5B8E163702E8} = {5FD78989-F97A-4252-9CC6-7A39C5AE97B6}
		{5D7FB1A0-B13C-2904-7D30-904D42B51B7D} = {5FD78989-F97A-4252-9CC6-7A39C5AE97B6}
	EndGlobalSection
	GlobalSection(ExtensibilityGlobals) = postSolution
		SolutionGuid = {A6BDCEAE-BD01-4B63-8733-9460FFDD0719}
	EndGlobalSection
EndGlobal
